# THIS IS AN AUTOGENERATED FILE. DO NOT EDIT THIS FILE DIRECTLY.
# yarn lockfile v1


"@emnapi/core@^1.4.3":
  version "1.4.3"
  resolved "https://registry.yarnpkg.com/@emnapi/core/-/core-1.4.3.tgz#9ac52d2d5aea958f67e52c40a065f51de59b77d6"
  integrity sha512-4m62DuCE07lw01soJwPiBGC0nAww0Q+RY70VZ+n49yDIO13yyinhbWCeNnaob0lakDtWQzSdtNWzJeOJt2ma+g==
  dependencies:
    "@emnapi/wasi-threads" "1.0.2"
    tslib "^2.4.0"

"@emnapi/runtime@^1.4.3":
  version "1.4.3"
  resolved "https://registry.yarnpkg.com/@emnapi/runtime/-/runtime-1.4.3.tgz#c0564665c80dc81c448adac23f9dfbed6c838f7d"
  integrity sha512-pBPWdu6MLKROBX05wSNKcNb++m5Er+KQ9QkB+WVM+pW2Kx9hoSrVTnu3BdkI5eBLZoKu/J6mW/B6i6bJB2ytXQ==
  dependencies:
    tslib "^2.4.0"

"@emnapi/wasi-threads@1.0.2":
  version "1.0.2"
  resolved "https://registry.yarnpkg.com/@emnapi/wasi-threads/-/wasi-threads-1.0.2.tgz#977f44f844eac7d6c138a415a123818c655f874c"
  integrity sha512-5n3nTJblwRi8LlXkJ9eBzu+kZR8Yxcc7ubakyQTFzPMtIhFpUBRbsnc2Dv88IZDIbCDlBiWrknhB4Lsz7mg6BA==
  dependencies:
    tslib "^2.4.0"

"@module-federation/error-codes@0.15.0":
  version "0.15.0"
  resolved "https://registry.yarnpkg.com/@module-federation/error-codes/-/error-codes-0.15.0.tgz#1e3ae45186a4034d806875cc61dd721b3826f462"
  integrity sha512-CFJSF+XKwTcy0PFZ2l/fSUpR4z247+Uwzp1sXVkdIfJ/ATsnqf0Q01f51qqSEA6MYdQi6FKos9FIcu3dCpQNdg==

"@module-federation/runtime-core@0.15.0":
  version "0.15.0"
  resolved "https://registry.yarnpkg.com/@module-federation/runtime-core/-/runtime-core-0.15.0.tgz#353113beee4fc50aeb85c1214202214a995ac4b4"
  integrity sha512-RYzI61fRDrhyhaEOXH3AgIGlHiot0wPFXu7F43cr+ZnTi+VlSYWLdlZ4NBuT9uV6JSmH54/c+tEZm5SXgKR2sQ==
  dependencies:
    "@module-federation/error-codes" "0.15.0"
    "@module-federation/sdk" "0.15.0"

"@module-federation/runtime-tools@0.15.0":
  version "0.15.0"
  resolved "https://registry.yarnpkg.com/@module-federation/runtime-tools/-/runtime-tools-0.15.0.tgz#b84bd87f7722e572438c06f3ce3f244ada287234"
  integrity sha512-kzFn3ObUeBp5vaEtN1WMxhTYBuYEErxugu1RzFUERD21X3BZ+b4cWwdFJuBDlsmVjctIg/QSOoZoPXRKAO0foA==
  dependencies:
    "@module-federation/runtime" "0.15.0"
    "@module-federation/webpack-bundler-runtime" "0.15.0"

"@module-federation/runtime@0.15.0":
  version "0.15.0"
  resolved "https://registry.yarnpkg.com/@module-federation/runtime/-/runtime-0.15.0.tgz#8ea3fd190211f78e95f5a7b32f0ed3a428c2ea91"
  integrity sha512-dTPsCNum9Bhu3yPOcrPYq0YnM9eCMMMNB1wuiqf1+sFbQlNApF0vfZxooqz3ln0/MpgE0jerVvFsLVGfqvC9Ug==
  dependencies:
    "@module-federation/error-codes" "0.15.0"
    "@module-federation/runtime-core" "0.15.0"
    "@module-federation/sdk" "0.15.0"

"@module-federation/sdk@0.15.0":
  version "0.15.0"
  resolved "https://registry.yarnpkg.com/@module-federation/sdk/-/sdk-0.15.0.tgz#31e0b1e443e9e5761345e298ba5e49eab273e51d"
  integrity sha512-PWiYbGcJrKUD6JZiEPihrXhV3bgXdll4bV7rU+opV7tHaun+Z0CdcawjZ82Xnpb8MCPGmqHwa1MPFeUs66zksw==

"@module-federation/webpack-bundler-runtime@0.15.0":
  version "0.15.0"
  resolved "https://registry.yarnpkg.com/@module-federation/webpack-bundler-runtime/-/webpack-bundler-runtime-0.15.0.tgz#50d8d863e310f53829e4c5cf8bd41ef94e682ff1"
  integrity sha512-i+3wu2Ljh2TmuUpsnjwZVupOVqV50jP0ndA8PSP4gwMKlgdGeaZ4VH5KkHAXGr2eiYUxYLMrJXz1+eILJqeGDg==
  dependencies:
    "@module-federation/runtime" "0.15.0"
    "@module-federation/sdk" "0.15.0"

"@napi-rs/wasm-runtime@^0.2.11":
  version "0.2.11"
  resolved "https://registry.yarnpkg.com/@napi-rs/wasm-runtime/-/wasm-runtime-0.2.11.tgz#192c1610e1625048089ab4e35bc0649ce478500e"
  integrity sha512-9DPkXtvHydrcOsopiYpUgPHpmj0HWZKMUnL2dZqpvC42lsratuBG06V5ipyno0fUek5VlFsNQ+AcFATSrJXgMA==
  dependencies:
    "@emnapi/core" "^1.4.3"
    "@emnapi/runtime" "^1.4.3"
    "@tybys/wasm-util" "^0.9.0"

"@rsbuild/core@^1.4.0":
  version "1.4.1"
  resolved "https://registry.yarnpkg.com/@rsbuild/core/-/core-1.4.1.tgz#ec503b7c98d571c05d28decb1d7b70cac63531cd"
  integrity sha512-zNCfuTtQq3CyO1Hf5AaAHftdD/Py9j3grwGSsA5wUp1DR9GX4D3lCZGvc5xDnSQvEu+BADiN5wZ3HTn1HQNDkQ==
  dependencies:
    "@rspack/core" "1.4.1"
    "@rspack/lite-tapable" "~1.0.1"
    "@swc/helpers" "^0.5.17"
    core-js "~3.43.0"
    jiti "^2.4.2"

"@rsbuild/plugin-react@^1.3.2":
  version "1.3.2"
  resolved "https://registry.yarnpkg.com/@rsbuild/plugin-react/-/plugin-react-1.3.2.tgz#e65106893767f7a6f62dc386b22c8a182a1248b4"
  integrity sha512-H4blXmgvVOrQlVy4ZfJ5IGfQIF5uKwtkGzwVnEsn1HN7DRRI9VlFrcuXj6+e3GigvYxg6TDHAAUJi6FoIGbnKQ==
  dependencies:
    "@rspack/plugin-react-refresh" "~1.4.3"
    react-refresh "^0.17.0"

"@rspack/binding-darwin-arm64@1.4.1":
  version "1.4.1"
  resolved "https://registry.yarnpkg.com/@rspack/binding-darwin-arm64/-/binding-darwin-arm64-1.4.1.tgz#3f058572763acc074cf73e76bb1861e734603375"
  integrity sha512-enh5DYbpaexdEmjbcxj3BJDauP3w+20jFKWvKROtAQV350PUw0bf2b4WOgngIH9hBzlfjpXNYAk6T5AhVAlY3Q==

"@rspack/binding-darwin-x64@1.4.1":
  version "1.4.1"
  resolved "https://registry.yarnpkg.com/@rspack/binding-darwin-x64/-/binding-darwin-x64-1.4.1.tgz#c67b230de535e021c458ae5423000efa476c69d8"
  integrity sha512-KoehyhBji4TLXhn4mqOUw6xsQNRzNVA9XcCm1Jx+M1Qb0dhMTNfduvBSyXuRV5+/QaRbk7+4UJbyRNFUtt96kA==

"@rspack/binding-linux-arm64-gnu@1.4.1":
  version "1.4.1"
  resolved "https://registry.yarnpkg.com/@rspack/binding-linux-arm64-gnu/-/binding-linux-arm64-gnu-1.4.1.tgz#38ea7ec9a24cfe9591d003385f1c6db54cddaa81"
  integrity sha512-PJ5cHqvrj1bK7jH5DVrdKoR8Fy+p6l9baxXajq/6xWTxP+4YTdEtLsRZnpLMS1Ho2RRpkxDWJn+gdlKuleNioQ==

"@rspack/binding-linux-arm64-musl@1.4.1":
  version "1.4.1"
  resolved "https://registry.yarnpkg.com/@rspack/binding-linux-arm64-musl/-/binding-linux-arm64-musl-1.4.1.tgz#d0df436c1c61806b99e0d0662cfa34330aca8431"
  integrity sha512-cpDz+z3FwVQfK6VYfXQEb0ym6fFIVmvK4y3R/2VAbVGWYVxZB5I6AcSdOWdDnpppHmcHpf+qQFlwhHvbpMMJNQ==

"@rspack/binding-linux-x64-gnu@1.4.1":
  version "1.4.1"
  resolved "https://registry.yarnpkg.com/@rspack/binding-linux-x64-gnu/-/binding-linux-x64-gnu-1.4.1.tgz#5b8de164fbb68f966d5c5309f76261b60a9e4776"
  integrity sha512-jjTx53CpiYWK7fAv5qS8xHEytFK6gLfZRk+0kt2YII6uqez/xQ3SRcboreH8XbJcBoxINBzMNMf5/SeMBZ939A==

"@rspack/binding-linux-x64-musl@1.4.1":
  version "1.4.1"
  resolved "https://registry.yarnpkg.com/@rspack/binding-linux-x64-musl/-/binding-linux-x64-musl-1.4.1.tgz#5921bda4da67930bea80ea1fe366ba76092477c7"
  integrity sha512-FAyR3Og81Smtr/CnsuTiW4ZCYAPCqeV73lzMKZ9xdVUgM9324ryEgqgX38GZLB5Mo7cvQhv7/fpMeHQo16XQCw==

"@rspack/binding-wasm32-wasi@1.4.1":
  version "1.4.1"
  resolved "https://registry.yarnpkg.com/@rspack/binding-wasm32-wasi/-/binding-wasm32-wasi-1.4.1.tgz#af829e67dc01fa205a8dd4709cf973bad8492259"
  integrity sha512-3Q1VICIQP4GsaTJEmmwfowQ48NvhlL0CKH88l5+mbji2rBkGx7yR67pPdfCVNjXcCtFoemTYw98eaumJTjC++g==
  dependencies:
    "@napi-rs/wasm-runtime" "^0.2.11"

"@rspack/binding-win32-arm64-msvc@1.4.1":
  version "1.4.1"
  resolved "https://registry.yarnpkg.com/@rspack/binding-win32-arm64-msvc/-/binding-win32-arm64-msvc-1.4.1.tgz#b4bdf14a00f33836b84dc659976eee89bed073c4"
  integrity sha512-DdLPOy1J98kn45uEhiEqlBKgMvet+AxOzX2OcrnU0wQXthGM9gty1YXYNryOhlK+X+eOcwcP3GbnDOAKi8nKqw==

"@rspack/binding-win32-ia32-msvc@1.4.1":
  version "1.4.1"
  resolved "https://registry.yarnpkg.com/@rspack/binding-win32-ia32-msvc/-/binding-win32-ia32-msvc-1.4.1.tgz#1688c86370d280728f7cec742908233f44cc8b75"
  integrity sha512-13s8fYtyC9DyvKosD2Kvzd6fVZDZZyPp91L4TEXWaO0CFhaCbtLTYIntExq9MwtKHYKKx7bchIFw93o0xjKjUg==

"@rspack/binding-win32-x64-msvc@1.4.1":
  version "1.4.1"
  resolved "https://registry.yarnpkg.com/@rspack/binding-win32-x64-msvc/-/binding-win32-x64-msvc-1.4.1.tgz#9e73ed2ad9d89a697a146c38637d3a81ca5d0b48"
  integrity sha512-ubQW8FcLnwljDanwTzkC9Abyo59gmX8m9uVr1GHOEuEU9Cua0KMijX2j/MYfiziz4nuQgv1saobY7K1I5nE3YA==

"@rspack/binding@1.4.1":
  version "1.4.1"
  resolved "https://registry.yarnpkg.com/@rspack/binding/-/binding-1.4.1.tgz#d740f2f78518aab613188caf8f2272d63833c4f9"
  integrity sha512-zYgOmI+LC2zxB/LIcnaeK66ElFHaPChdWzRruTT1LAFFwpgGkBGAwFoP27PDnxQW0Aejci21Ld8X9tyxm08QFw==
  optionalDependencies:
    "@rspack/binding-darwin-arm64" "1.4.1"
    "@rspack/binding-darwin-x64" "1.4.1"
    "@rspack/binding-linux-arm64-gnu" "1.4.1"
    "@rspack/binding-linux-arm64-musl" "1.4.1"
    "@rspack/binding-linux-x64-gnu" "1.4.1"
    "@rspack/binding-linux-x64-musl" "1.4.1"
    "@rspack/binding-wasm32-wasi" "1.4.1"
    "@rspack/binding-win32-arm64-msvc" "1.4.1"
    "@rspack/binding-win32-ia32-msvc" "1.4.1"
    "@rspack/binding-win32-x64-msvc" "1.4.1"

"@rspack/core@1.4.1":
  version "1.4.1"
  resolved "https://registry.yarnpkg.com/@rspack/core/-/core-1.4.1.tgz#506b6be9ad33cc465d055aa195552ace6739ecbc"
  integrity sha512-UTRCTQk2G8YiPBiMvfn8FcysxeO4Muek6a/Z39Cw2r4ZI8k5iPnKiyZboTJLS7120PwWBw2SO+QQje35Z44x0g==
  dependencies:
    "@module-federation/runtime-tools" "0.15.0"
    "@rspack/binding" "1.4.1"
    "@rspack/lite-tapable" "1.0.1"

"@rspack/lite-tapable@1.0.1", "@rspack/lite-tapable@~1.0.1":
  version "1.0.1"
  resolved "https://registry.yarnpkg.com/@rspack/lite-tapable/-/lite-tapable-1.0.1.tgz#d4540a5d28bd6177164bc0ba0bee4bdec0458591"
  integrity sha512-VynGOEsVw2s8TAlLf/uESfrgfrq2+rcXB1muPJYBWbsm1Oa6r5qVQhjA5ggM6z/coYPrsVMgovl3Ff7Q7OCp1w==

"@rspack/plugin-react-refresh@~1.4.3":
  version "1.4.3"
  resolved "https://registry.yarnpkg.com/@rspack/plugin-react-refresh/-/plugin-react-refresh-1.4.3.tgz#aa8aec84ae2f1ba0a20d51fc3899f002cfecd628"
  integrity sha512-wZx4vWgy5oMEvgyNGd/oUKcdnKaccYWHCRkOqTdAPJC3WcytxhTX+Kady8ERurSBiLyQpoMiU3Iyd+F1Y2Arbw==
  dependencies:
    error-stack-parser "^2.1.4"
    html-entities "^2.6.0"

"@swc/helpers@^0.5.17":
  version "0.5.17"
  resolved "https://registry.yarnpkg.com/@swc/helpers/-/helpers-0.5.17.tgz#5a7be95ac0f0bf186e7e6e890e7a6f6cda6ce971"
  integrity sha512-5IKx/Y13RsYd+sauPb2x+U/xZikHjolzfuDgTAl/Tdf3Q8rslRvC19NKDLgAJQ6wsqADk10ntlv08nPFw/gO/A==
  dependencies:
    tslib "^2.8.0"

"@tybys/wasm-util@^0.9.0":
  version "0.9.0"
  resolved "https://registry.yarnpkg.com/@tybys/wasm-util/-/wasm-util-0.9.0.tgz#3e75eb00604c8d6db470bf18c37b7d984a0e3355"
  integrity sha512-6+7nlbMVX/PVDCwaIQ8nTOPveOcFLSt8GcXdx8hD0bt39uWxYT88uXzqTd4fTvqta7oeUJqudepapKNt2DYJFw==
  dependencies:
    tslib "^2.4.0"

"@types/react-dom@^19.1.6":
  version "19.1.6"
  resolved "https://registry.yarnpkg.com/@types/react-dom/-/react-dom-19.1.6.tgz#4af629da0e9f9c0f506fc4d1caa610399c595d64"
  integrity sha512-4hOiT/dwO8Ko0gV1m/TJZYk3y0KBnY9vzDh7W+DH17b2HFSOGgdj33dhihPeuy3l0q23+4e+hoXHV6hCC4dCXw==

"@types/react@^19.1.8":
  version "19.1.8"
  resolved "https://registry.yarnpkg.com/@types/react/-/react-19.1.8.tgz#ff8395f2afb764597265ced15f8dddb0720ae1c3"
  integrity sha512-AwAfQ2Wa5bCx9WP8nZL2uMZWod7J7/JSplxbTmBQ5ms6QpqNYm672H0Vu9ZVKVngQ+ii4R/byguVEUZQyeg44g==
  dependencies:
    csstype "^3.0.2"

core-js@~3.43.0:
  version "3.43.0"
  resolved "https://registry.yarnpkg.com/core-js/-/core-js-3.43.0.tgz#f7258b156523208167df35dea0cfd6b6ecd4ee88"
  integrity sha512-N6wEbTTZSYOY2rYAn85CuvWWkCK6QweMn7/4Nr3w+gDBeBhk/x4EJeY6FPo4QzDoJZxVTv8U7CMvgWk6pOHHqA==

csstype@^3.0.2:
  version "3.1.3"
  resolved "https://registry.yarnpkg.com/csstype/-/csstype-3.1.3.tgz#d80ff294d114fb0e6ac500fbf85b60137d7eff81"
  integrity sha512-M1uQkMl8rQK/szD0LNhtqxIPLpimGm8sOBwU7lLnCpSbTyY3yeU1Vc7l4KT5zT4s/yOxHH5O7tIuuLOCnLADRw==

error-stack-parser@^2.1.4:
  version "2.1.4"
  resolved "https://registry.yarnpkg.com/error-stack-parser/-/error-stack-parser-2.1.4.tgz#229cb01cdbfa84440bfa91876285b94680188286"
  integrity sha512-Sk5V6wVazPhq5MhpO+AUxJn5x7XSXGl1R93Vn7i+zS15KDVxQijejNCrz8340/2bgLBjR9GtEG8ZVKONDjcqGQ==
  dependencies:
    stackframe "^1.3.4"

html-entities@^2.6.0:
  version "2.6.0"
  resolved "https://registry.yarnpkg.com/html-entities/-/html-entities-2.6.0.tgz#7c64f1ea3b36818ccae3d3fb48b6974208e984f8"
  integrity sha512-kig+rMn/QOVRvr7c86gQ8lWXq+Hkv6CbAH1hLu+RG338StTpE8Z0b44SDVaqVu7HGKf27frdmUYEs9hTUX/cLQ==

jiti@^2.4.2:
  version "2.4.2"
  resolved "https://registry.yarnpkg.com/jiti/-/jiti-2.4.2.tgz#d19b7732ebb6116b06e2038da74a55366faef560"
  integrity sha512-rg9zJN+G4n2nfJl5MW3BMygZX56zKPNVEYYqq7adpmMh4Jn2QNEwhvQlFy6jPVdcod7txZtKHWnyZiA3a0zP7A==

react-dom@^19.1.0:
  version "19.1.0"
  resolved "https://registry.yarnpkg.com/react-dom/-/react-dom-19.1.0.tgz#133558deca37fa1d682708df8904b25186793623"
  integrity sha512-Xs1hdnE+DyKgeHJeJznQmYMIBG3TKIHJJT95Q58nHLSrElKlGQqDTR2HQ9fx5CN/Gk6Vh/kupBTDLU11/nDk/g==
  dependencies:
    scheduler "^0.26.0"

react-refresh@^0.17.0:
  version "0.17.0"
  resolved "https://registry.yarnpkg.com/react-refresh/-/react-refresh-0.17.0.tgz#b7e579c3657f23d04eccbe4ad2e58a8ed51e7e53"
  integrity sha512-z6F7K9bV85EfseRCp2bzrpyQ0Gkw1uLoCel9XBVWPg/TjRj94SkJzUTGfOa4bs7iJvBWtQG0Wq7wnI0syw3EBQ==

react@^19.1.0:
  version "19.1.0"
  resolved "https://registry.yarnpkg.com/react/-/react-19.1.0.tgz#926864b6c48da7627f004795d6cce50e90793b75"
  integrity sha512-FS+XFBNvn3GTAWq26joslQgWNoFu08F4kl0J4CgdNKADkdSGXQyTCnKteIAJy96Br6YbpEU1LSzV5dYtjMkMDg==

scheduler@^0.26.0:
  version "0.26.0"
  resolved "https://registry.yarnpkg.com/scheduler/-/scheduler-0.26.0.tgz#4ce8a8c2a2095f13ea11bf9a445be50c555d6337"
  integrity sha512-NlHwttCI/l5gCPR3D1nNXtWABUmBwvZpEQiD4IXSbIDq8BzLIK/7Ir5gTFSGZDUu37K5cMNp0hFtzO38sC7gWA==

stackframe@^1.3.4:
  version "1.3.4"
  resolved "https://registry.yarnpkg.com/stackframe/-/stackframe-1.3.4.tgz#b881a004c8c149a5e8efef37d51b16e412943310"
  integrity sha512-oeVtt7eWQS+Na6F//S4kJ2K2VbRlS9D43mAlMyVpVWovy9o+jfgH8O9agzANzaiLjclA0oYzUXEM4PurhSUChw==

tslib@^2.4.0, tslib@^2.8.0:
  version "2.8.1"
  resolved "https://registry.yarnpkg.com/tslib/-/tslib-2.8.1.tgz#612efe4ed235d567e8aba5f2a5fab70280ade83f"
  integrity sha512-oJFu94HQb+KVduSUQL7wnpmqnfmLsOA/nAh6b6EH0wCEoK0/mPeXU6c3wKDV83MkOuHPRHtSXKKU99IBazS/2w==

typescript@^5.8.3:
  version "5.8.3"
  resolved "https://registry.yarnpkg.com/typescript/-/typescript-5.8.3.tgz#92f8a3e5e3cf497356f4178c34cd65a7f5e8440e"
  integrity sha512-p1diW6TqL9L07nNxvRMM7hMMw4c5XOo/1ibL4aAIGmSAt9slTE1Xgw5KWuof2uTOvCg9BY7ZRi+GaF+7sfgPeQ==
